// !$*UTF8*$!
{
	archiveVersion = 1;
	classes = {
	};
	objectVersion = 56;
	objects = {

/* Begin PBXBuildFile section */
		3F6BA63D2B3F3666006EAE71 /* SpeedCalculator.docc in Sources */ = {isa = PBXBuildFile; fileRef = 3F6BA63C2B3F3666006EAE71 /* SpeedCalculator.docc */; };
		3F6BA6432B3F3667006EAE71 /* SpeedCalculator.framework in Frameworks */ = {isa = PBXBuildFile; fileRef = 3F6BA6382B3F3666006EAE71 /* SpeedCalculator.framework */; };
		3F6BA6482B3F3667006EAE71 /* SpeedCalculatorTests.swift in Sources */ = {isa = PBXBuildFile; fileRef = 3F6BA6472B3F3667006EAE71 /* SpeedCalculatorTests.swift */; };
		3F6BA6492B3F3667006EAE71 /* SpeedCalculator.h in Headers */ = {isa = PBXBuildFile; fileRef = 3F6BA63B2B3F3666006EAE71 /* SpeedCalculator.h */; settings = {ATTRIBUTES = (Public, ); }; };
		3F6BA6532B3F37FC006EAE71 /* SpeedCalculator.swift in Sources */ = {isa = PBXBuildFile; fileRef = 3F6BA6522B3F37FC006EAE71 /* SpeedCalculator.swift */; };
/* End PBXBuildFile section */

/* Begin PBXContainerItemProxy section */
		3F6BA6442B3F3667006EAE71 /* PBXContainerItemProxy */ = {
			isa = PBXContainerItemProxy;
			containerPortal = 3F6BA62F2B3F3666006EAE71 /* Project object */;
			proxyType = 1;
			remoteGlobalIDString = 3F6BA6372B3F3666006EAE71;
			remoteInfo = SpeedCalculator;
		};
/* End PBXContainerItemProxy section */

/* Begin PBXFileReference section */
		3F6BA6382B3F3666006EAE71 /* SpeedCalculator.framework */ = {isa = PBXFileReference; explicitFileType = wrapper.framework; includeInIndex = 0; path = SpeedCalculator.framework; sourceTree = BUILT_PRODUCTS_DIR; };
		3F6BA63B2B3F3666006EAE71 /* SpeedCalculator.h */ = {isa = PBXFileReference; lastKnownFileType = sourcecode.c.h; path = SpeedCalculator.h; sourceTree = "<group>"; };
		3F6BA63C2B3F3666006EAE71 /* SpeedCalculator.docc */ = {isa = PBXFileReference; lastKnownFileType = folder.documentationcatalog; path = SpeedCalculator.docc; sourceTree = "<group>"; };
		3F6BA6422B3F3667006EAE71 /* SpeedCalculatorTests.xctest */ = {isa = PBXFileReference; explicitFileType = wrapper.cfbundle; includeInIndex = 0; path = SpeedCalculatorTests.xctest; sourceTree = BUILT_PRODUCTS_DIR; };
		3F6BA6472B3F3667006EAE71 /* SpeedCalculatorTests.swift */ = {isa = PBXFileReference; lastKnownFileType = sourcecode.swift; path = SpeedCalculatorTests.swift; sourceTree = "<group>"; };
		3F6BA6522B3F37FC006EAE71 /* SpeedCalculator.swift */ = {isa = PBXFileReference; lastKnownFileType = sourcecode.swift; path = SpeedCalculator.swift; sourceTree = "<group>"; };
/* End PBXFileReference section */

/* Begin PBXFrameworksBuildPhase section */
		3F6BA6352B3F3666006EAE71 /* Frameworks */ = {
			isa = PBXFrameworksBuildPhase;
			buildActionMask = 2147483647;
			files = (
			);
			runOnlyForDeploymentPostprocessing = 0;
		};
		3F6BA63F2B3F3667006EAE71 /* Frameworks */ = {
			isa = PBXFrameworksBuildPhase;
			buildActionMask = 2147483647;
			files = (
				3F6BA6432B3F3667006EAE71 /* SpeedCalculator.framework in Frameworks */,
			);
			runOnlyForDeploymentPostprocessing = 0;
		};
/* End PBXFrameworksBuildPhase section */

/* Begin PBXGroup section */
		3F6BA62E2B3F3666006EAE71 = {
			isa = PBXGroup;
			children = (
				3F6BA63A2B3F3666006EAE71 /* SpeedCalculator */,
				3F6BA6462B3F3667006EAE71 /* SpeedCalculatorTests */,
				3F6BA6392B3F3666006EAE71 /* Products */,
			);
			sourceTree = "<group>";
		};
		3F6BA6392B3F3666006EAE71 /* Products */ = {
			isa = PBXGroup;
			children = (
				3F6BA6382B3F3666006EAE71 /* SpeedCalculator.framework */,
				3F6BA6422B3F3667006EAE71 /* SpeedCalculatorTests.xctest */,
			);
			name = Products;
			sourceTree = "<group>";
		};
		3F6BA63A2B3F3666006EAE71 /* SpeedCalculator */ = {
			isa = PBXGroup;
			children = (
				3F6BA63B2B3F3666006EAE71 /* SpeedCalculator.h */,
				3F6BA63C2B3F3666006EAE71 /* SpeedCalculator.docc */,
				3F6BA6522B3F37FC006EAE71 /* SpeedCalculator.swift */,
			);
			path = SpeedCalculator;
			sourceTree = "<group>";
		};
		3F6BA6462B3F3667006EAE71 /* SpeedCalculatorTests */ = {
			isa = PBXGroup;
			children = (
				3F6BA6472B3F3667006EAE71 /* SpeedCalculatorTests.swift */,
			);
			path = SpeedCalculatorTests;
			sourceTree = "<group>";
		};
/* End PBXGroup section */

/* Begin PBXHeadersBuildPhase section */
		3F6BA6332B3F3666006EAE71 /* Headers */ = {
			isa = PBXHeadersBuildPhase;
			buildActionMask = 2147483647;
			files = (
				3F6BA6492B3F3667006EAE71 /* SpeedCalculator.h in Headers */,
			);
			runOnlyForDeploymentPostprocessing = 0;
		};
/* End PBXHeadersBuildPhase section */

/* Begin PBXNativeTarget section */
		3F6BA6372B3F3666006EAE71 /* SpeedCalculator */ = {
			isa = PBXNativeTarget;
			buildConfigurationList = 3F6BA64C2B3F3667006EAE71 /* Build configuration list for PBXNativeTarget "SpeedCalculator" */;
			buildPhases = (
				3F6BA6332B3F3666006EAE71 /* Headers */,
				3F6BA6342B3F3666006EAE71 /* Sources */,
				3F6BA6352B3F3666006EAE71 /* Frameworks */,
				3F6BA6362B3F3666006EAE71 /* Resources */,
			);
			buildRules = (
			);
			dependencies = (
			);
			name = SpeedCalculator;
			productName = SpeedCalculator;
			productReference = 3F6BA6382B3F3666006EAE71 /* SpeedCalculator.framework */;
			productType = "com.apple.product-type.framework";
		};
		3F6BA6412B3F3667006EAE71 /* SpeedCalculatorTests */ = {
			isa = PBXNativeTarget;
			buildConfigurationList = 3F6BA64F2B3F3667006EAE71 /* Build configuration list for PBXNativeTarget "SpeedCalculatorTests" */;
			buildPhases = (
				3F6BA63E2B3F3667006EAE71 /* Sources */,
				3F6BA63F2B3F3667006EAE71 /* Frameworks */,
				3F6BA6402B3F3667006EAE71 /* Resources */,
			);
			buildRules = (
			);
			dependencies = (
				3F6BA6452B3F3667006EAE71 /* PBXTargetDependency */,
			);
			name = SpeedCalculatorTests;
			productName = SpeedCalculatorTests;
			productReference = 3F6BA6422B3F3667006EAE71 /* SpeedCalculatorTests.xctest */;
			productType = "com.apple.product-type.bundle.unit-test";
		};
/* End PBXNativeTarget section */

/* Begin PBXProject section */
		3F6BA62F2B3F3666006EAE71 /* Project object */ = {
			isa = PBXProject;
			attributes = {
				BuildIndependentTargetsInParallel = 1;
				LastSwiftUpdateCheck = 1510;
				LastUpgradeCheck = 1510;
				TargetAttributes = {
					3F6BA6372B3F3666006EAE71 = {
						CreatedOnToolsVersion = 15.1;
					};
					3F6BA6412B3F3667006EAE71 = {
						CreatedOnToolsVersion = 15.1;
					};
				};
			};
			buildConfigurationList = 3F6BA6322B3F3666006EAE71 /* Build configuration list for PBXProject "SpeedCalculator" */;
			compatibilityVersion = "Xcode 14.0";
			developmentRegion = en;
			hasScannedForEncodings = 0;
			knownRegions = (
				en,
				Base,
			);
			mainGroup = 3F6BA62E2B3F3666006EAE71;
			productRefGroup = 3F6BA6392B3F3666006EAE71 /* Products */;
			projectDirPath = "";
			projectRoot = "";
			targets = (
				3F6BA6372B3F3666006EAE71 /* SpeedCalculator */,
				3F6BA6412B3F3667006EAE71 /* SpeedCalculatorTests */,
			);
		};
/* End PBXProject section */

/* Begin PBXResourcesBuildPhase section */
		3F6BA6362B3F3666006EAE71 /* Resources */ = {
			isa = PBXResourcesBuildPhase;
			buildActionMask = 2147483647;
			files = (
			);
			runOnlyForDeploymentPostprocessing = 0;
		};
		3F6BA6402B3F3667006EAE71 /* Resources */ = {
			isa = PBXResourcesBuildPhase;
			buildActionMask = 2147483647;
			files = (
			);
			runOnlyForDeploymentPostprocessing = 0;
		};
/* End PBXResourcesBuildPhase section */

/* Begin PBXSourcesBuildPhase section */
		3F6BA6342B3F3666006EAE71 /* Sources */ = {
			isa = PBXSourcesBuildPhase;
			buildActionMask = 2147483647;
			files = (
				3F6BA63D2B3F3666006EAE71 /* SpeedCalculator.docc in Sources */,
				3F6BA6532B3F37FC006EAE71 /* SpeedCalculator.swift in Sources */,
			);
			runOnlyForDeploymentPostprocessing = 0;
		};
		3F6BA63E2B3F3667006EAE71 /* Sources */ = {
			isa = PBXSourcesBuildPhase;
			buildActionMask = 2147483647;
			files = (
				3F6BA6482B3F3667006EAE71 /* SpeedCalculatorTests.swift in Sources */,
			);
			runOnlyForDeploymentPostprocessing = 0;
		};
/* End PBXSourcesBuildPhase section */

/* Begin PBXTargetDependency section */
		3F6BA6452B3F3667006EAE71 /* PBXTargetDependency */ = {
			isa = PBXTargetDependency;
			target = 3F6BA6372B3F3666006EAE71 /* SpeedCalculator */;
			targetProxy = 3F6BA6442B3F3667006EAE71 /* PBXContainerItemProxy */;
		};
/* End PBXTargetDependency section */

/* Begin XCBuildConfiguration section */
		3F6BA64A2B3F3667006EAE71 /* Debug */ = {
			isa = XCBuildConfiguration;
			buildSettings = {
				ALWAYS_SEARCH_USER_PATHS = NO;
				ASSETCATALOG_COMPILER_GENERATE_SWIFT_ASSET_SYMBOL_EXTENSIONS = YES;
				CLANG_ANALYZER_NONNULL = YES;
				CLANG_ANALYZER_NUMBER_OBJECT_CONVERSION = YES_AGGRESSIVE;
				CLANG_CXX_LANGUAGE_STANDARD = "gnu++20";
				CLANG_ENABLE_MODULES = YES;
				CLANG_ENABLE_OBJC_ARC = YES;
				CLANG_ENABLE_OBJC_WEAK = YES;
				CLANG_WARN_BLOCK_CAPTURE_AUTORELEASING = YES;
				CLANG_WARN_BOOL_CONVERSION = YES;
				CLANG_WARN_COMMA = YES;
				CLANG_WARN_CONSTANT_CONVERSION = YES;
				CLANG_WARN_DEPRECATED_OBJC_IMPLEMENTATIONS = YES;
				CLANG_WARN_DIRECT_OBJC_ISA_USAGE = YES_ERROR;
				CLANG_WARN_DOCUMENTATION_COMMENTS = YES;
				CLANG_WARN_EMPTY_BODY = YES;
				CLANG_WARN_ENUM_CONVERSION = YES;
				CLANG_WARN_INFINITE_RECURSION = YES;
				CLANG_WARN_INT_CONVERSION = YES;
				CLANG_WARN_NON_LITERAL_NULL_CONVERSION = YES;
				CLANG_WARN_OBJC_IMPLICIT_RETAIN_SELF = YES;
				CLANG_WARN_OBJC_LITERAL_CONVERSION = YES;
				CLANG_WARN_OBJC_ROOT_CLASS = YES_ERROR;
				CLANG_WARN_QUOTED_INCLUDE_IN_FRAMEWORK_HEADER = YES;
				CLANG_WARN_RANGE_LOOP_ANALYSIS = YES;
				CLANG_WARN_STRICT_PROTOTYPES = YES;
				CLANG_WARN_SUSPICIOUS_MOVE = YES;
				CLANG_WARN_UNGUARDED_AVAILABILITY = YES_AGGRESSIVE;
				CLANG_WARN_UNREACHABLE_CODE = YES;
				CLANG_WARN__DUPLICATE_METHOD_MATCH = YES;
				COPY_PHASE_STRIP = NO;
				CURRENT_PROJECT_VERSION = 1;
				DEBUG_INFORMATION_FORMAT = dwarf;
				ENABLE_STRICT_OBJC_MSGSEND = YES;
				ENABLE_TESTABILITY = YES;
				ENABLE_USER_SCRIPT_SANDBOXING = YES;
				GCC_C_LANGUAGE_STANDARD = gnu17;
				GCC_DYNAMIC_NO_PIC = NO;
				GCC_NO_COMMON_BLOCKS = YES;
				GCC_OPTIMIZATION_LEVEL = 0;
				GCC_PREPROCESSOR_DEFINITIONS = (
					"DEBUG=1",
					"$(inherited)",
				);
				GCC_WARN_64_TO_32_BIT_CONVERSION = YES;
				GCC_WARN_ABOUT_RETURN_TYPE = YES_ERROR;
				GCC_WARN_UNDECLARED_SELECTOR = YES;
				GCC_WARN_UNINITIALIZED_AUTOS = YES_AGGRESSIVE;
				GCC_WARN_UNUSED_FUNCTION = YES;
				GCC_WARN_UNUSED_VARIABLE = YES;
				IPHONEOS_DEPLOYMENT_TARGET = 17.2;
				LOCALIZATION_PREFERS_STRING_CATALOGS = YES;
				MTL_ENABLE_DEBUG_INFO = INCLUDE_SOURCE;
				MTL_FAST_MATH = YES;
				ONLY_ACTIVE_ARCH = YES;
				SDKROOT = iphoneos;
				SWIFT_ACTIVE_COMPILATION_CONDITIONS = "DEBUG $(inherited)";
				SWIFT_OPTIMIZATION_LEVEL = "-Onone";
				VERSIONING_SYSTEM = "apple-generic";
				VERSION_INFO_PREFIX = "";
			};
			name = Debug;
		};
		3F6BA64B2B3F3667006EAE71 /* Release */ = {
			isa = XCBuildConfiguration;
			buildSettings = {
				ALWAYS_SEARCH_USER_PATHS = NO;
				ASSETCATALOG_COMPILER_GENERATE_SWIFT_ASSET_SYMBOL_EXTENSIONS = YES;
				CLANG_ANALYZER_NONNULL = YES;
				CLANG_ANALYZER_NUMBER_OBJECT_CONVERSION = YES_AGGRESSIVE;
				CLANG_CXX_LANGUAGE_STANDARD = "gnu++20";
				CLANG_ENABLE_MODULES = YES;
				CLANG_ENABLE_OBJC_ARC = YES;
				CLANG_ENABLE_OBJC_WEAK = YES;
				CLANG_WARN_BLOCK_CAPTURE_AUTORELEASING = YES;
				CLANG_WARN_BOOL_CONVERSION = YES;
				CLANG_WARN_COMMA = YES;
				CLANG_WARN_CONSTANT_CONVERSION = YES;
				CLANG_WARN_DEPRECATED_OBJC_IMPLEMENTATIONS = YES;
				CLANG_WARN_DIRECT_OBJC_ISA_USAGE = YES_ERROR;
				CLANG_WARN_DOCUMENTATION_COMMENTS = YES;
				CLANG_WARN_EMPTY_BODY = YES;
				CLANG_WARN_ENUM_CONVERSION = YES;
				CLANG_WARN_INFINITE_RECURSION = YES;
				CLANG_WARN_INT_CONVERSION = YES;
				CLANG_WARN_NON_LITERAL_NULL_CONVERSION = YES;
				CLANG_WARN_OBJC_IMPLICIT_RETAIN_SELF = YES;
				CLANG_WARN_OBJC_LITERAL_CONVERSION = YES;
				CLANG_WARN_OBJC_ROOT_CLASS = YES_ERROR;
				CLANG_WARN_QUOTED_INCLUDE_IN_FRAMEWORK_HEADER = YES;
				CLANG_WARN_RANGE_LOOP_ANALYSIS = YES;
				CLANG_WARN_STRICT_PROTOTYPES = YES;
				CLANG_WARN_SUSPICIOUS_MOVE = YES;
				CLANG_WARN_UNGUARDED_AVAILABILITY = YES_AGGRESSIVE;
				CLANG_WARN_UNREACHABLE_CODE = YES;
				CLANG_WARN__DUPLICATE_METHOD_MATCH = YES;
				COPY_PHASE_STRIP = NO;
				CURRENT_PROJECT_VERSION = 1;
				DEBUG_INFORMATION_FORMAT = "dwarf-with-dsym";
				ENABLE_NS_ASSERTIONS = NO;
				ENABLE_STRICT_OBJC_MSGSEND = YES;
				ENABLE_USER_SCRIPT_SANDBOXING = YES;
				GCC_C_LANGUAGE_STANDARD = gnu17;
				GCC_NO_COMMON_BLOCKS = YES;
				GCC_WARN_64_TO_32_BIT_CONVERSION = YES;
				GCC_WARN_ABOUT_RETURN_TYPE = YES_ERROR;
				GCC_WARN_UNDECLARED_SELECTOR = YES;
				GCC_WARN_UNINITIALIZED_AUTOS = YES_AGGRESSIVE;
				GCC_WARN_UNUSED_FUNCTION = YES;
				GCC_WARN_UNUSED_VARIABLE = YES;
				IPHONEOS_DEPLOYMENT_TARGET = 17.2;
				LOCALIZATION_PREFERS_STRING_CATALOGS = YES;
				MTL_ENABLE_DEBUG_INFO = NO;
				MTL_FAST_MATH = YES;
				SDKROOT = iphoneos;
				SWIFT_COMPILATION_MODE = wholemodule;
				VALIDATE_PRODUCT = YES;
				VERSIONING_SYSTEM = "apple-generic";
				VERSION_INFO_PREFIX = "";
			};
			name = Release;
		};
		3F6BA64D2B3F3667006EAE71 /* Debug */ = {
			isa = XCBuildConfiguration;
			buildSettings = {
				CODE_SIGN_STYLE = Automatic;
				CURRENT_PROJECT_VERSION = 1;
				DEFINES_MODULE = YES;
				DEVELOPMENT_TEAM = AZAF32L5F6;
				DYLIB_COMPATIBILITY_VERSION = 1;
				DYLIB_CURRENT_VERSION = 1;
				DYLIB_INSTALL_NAME_BASE = "@rpath";
				ENABLE_MODULE_VERIFIER = YES;
				GENERATE_INFOPLIST_FILE = YES;
				INFOPLIST_KEY_NSHumanReadableCopyright = "";
				INSTALL_PATH = "$(LOCAL_LIBRARY_DIR)/Frameworks";
				LD_RUNPATH_SEARCH_PATHS = (
					"$(inherited)",
					"@executable_path/Frameworks",
					"@loader_path/Frameworks",
				);
				MARKETING_VERSION = 1.0;
				MODULE_VERIFIER_SUPPORTED_LANGUAGES = "objective-c objective-c++";
				MODULE_VERIFIER_SUPPORTED_LANGUAGE_STANDARDS = "gnu17 gnu++20";
				PRODUCT_BUNDLE_IDENTIFIER = fdj.SpeedCalculator;
				PRODUCT_NAME = "$(TARGET_NAME:c99extidentifier)";
				SKIP_INSTALL = YES;
				SWIFT_EMIT_LOC_STRINGS = YES;
				SWIFT_VERSION = 5.0;
				TARGETED_DEVICE_FAMILY = "1,2";
			};
			name = Debug;
		};
		3F6BA64E2B3F3667006EAE71 /* Release */ = {
			isa = XCBuildConfiguration;
			buildSettings = {
				CODE_SIGN_STYLE = Automatic;
				CURRENT_PROJECT_VERSION = 1;
				DEFINES_MODULE = YES;
				DEVELOPMENT_TEAM = AZAF32L5F6;
				DYLIB_COMPATIBILITY_VERSION = 1;
				DYLIB_CURRENT_VERSION = 1;
				DYLIB_INSTALL_NAME_BASE = "@rpath";
				ENABLE_MODULE_VERIFIER = YES;
				GENERATE_INFOPLIST_FILE = YES;
				INFOPLIST_KEY_NSHumanReadableCopyright = "";
				INSTALL_PATH = "$(LOCAL_LIBRARY_DIR)/Frameworks";
				LD_RUNPATH_SEARCH_PATHS = (
					"$(inherited)",
					"@executable_path/Frameworks",
					"@loader_path/Frameworks",
				);
				MARKETING_VERSION = 1.0;
				MODULE_VERIFIER_SUPPORTED_LANGUAGES = "objective-c objective-c++";
				MODULE_VERIFIER_SUPPORTED_LANGUAGE_STANDARDS = "gnu17 gnu++20";
				PRODUCT_BUNDLE_IDENTIFIER = fdj.SpeedCalculator;
				PRODUCT_NAME = "$(TARGET_NAME:c99extidentifier)";
				SKIP_INSTALL = YES;
				SWIFT_EMIT_LOC_STRINGS = YES;
				SWIFT_VERSION = 5.0;
				TARGETED_DEVICE_FAMILY = "1,2";
			};
			name = Release;
		};
		3F6BA6502B3F3667006EAE71 /* Debug */ = {
			isa = XCBuildConfiguration;
			buildSettings = {
				ALWAYS_EMBED_SWIFT_STANDARD_LIBRARIES = YES;
				CODE_SIGN_STYLE = Automatic;
				CURRENT_PROJECT_VERSION = 1;
				DEVELOPMENT_TEAM = AZAF32L5F6;
				GENERATE_INFOPLIST_FILE = YES;
				MARKETING_VERSION = 1.0;
				PRODUCT_BUNDLE_IDENTIFIER = fdj.SpeedCalculatorTests;
				PRODUCT_NAME = "$(TARGET_NAME)";
				SWIFT_EMIT_LOC_STRINGS = NO;
				SWIFT_VERSION = 5.0;
				TARGETED_DEVICE_FAMILY = "1,2";
			};
			name = Debug;
		};
		3F6BA6512B3F3667006EAE71 /* Release */ = {
			isa = XCBuildConfiguration;
			buildSettings = {
				ALWAYS_EMBED_SWIFT_STANDARD_LIBRARIES = YES;
				CODE_SIGN_STYLE = Automatic;
				CURRENT_PROJECT_VERSION = 1;
				DEVELOPMENT_TEAM = AZAF32L5F6;
				GENERATE_INFOPLIST_FILE = YES;
				MARKETING_VERSION = 1.0;
				PRODUCT_BUNDLE_IDENTIFIER = fdj.SpeedCalculatorTests;
				PRODUCT_NAME = "$(TARGET_NAME)";
				SWIFT_EMIT_LOC_STRINGS = NO;
				SWIFT_VERSION = 5.0;
				TARGETED_DEVICE_FAMILY = "1,2";
			};
			name = Release;
		};
/* End XCBuildConfiguration section */

/* Begin XCConfigurationList section */
		3F6BA6322B3F3666006EAE71 /* Build configuration list for PBXProject "SpeedCalculator" */ = {
			isa = XCConfigurationList;
			buildConfigurations = (
				3F6BA64A2B3F3667006EAE71 /* Debug */,
				3F6BA64B2B3F3667006EAE71 /* Release */,
			);
			defaultConfigurationIsVisible = 0;
			defaultConfigurationName = Release;
		};
		3F6BA64C2B3F3667006EAE71 /* Build configuration list for PBXNativeTarget "SpeedCalculator" */ = {
			isa = XCConfigurationList;
			buildConfigurations = (
				3F6BA64D2B3F3667006EAE71 /* Debug */,
				3F6BA64E2B3F3667006EAE71 /* Release */,
			);
			defaultConfigurationIsVisible = 0;
			defaultConfigurationName = Release;
		};
		3F6BA64F2B3F3667006EAE71 /* Build configuration list for PBXNativeTarget "SpeedCalculatorTests" */ = {
			isa = XCConfigurationList;
			buildConfigurations = (
				3F6BA6502B3F3667006EAE71 /* Debug */,
				3F6BA6512B3F3667006EAE71 /* Release */,
			);
			defaultConfigurationIsVisible = 0;
			defaultConfigurationName = Release;
		};
/* End XCConfigurationList section */
	};
	rootObject = 3F6BA62F2B3F3666006EAE71 /* Project object */;
}
